
Microsoft Visual Studio Solution File, Format Version 12.00
# Visual Studio 15
VisualStudioVersion = 15.0.28307.1831
MinimumVisualStudioVersion = 10.0.40219.1
Project("{FAE04EC0-301F-11D3-BF4B-00C04F79EFBC}") = "28-MusicPlayer", "28-MusicPlayer\28-MusicPlayer.csproj", "{3284648C-2C72-42F3-AABC-A5B06C4F95D2}"
EndProject
Global
	GlobalSection(SolutionConfigurationPlatforms) = preSolution
		Debug|Any CPU = Debug|Any CPU
		Debug|x64 = Debug|x64
		Debug|x86 = Debug|x86
		Release|Any CPU = Release|Any CPU
		Release|x64 = Release|x64
		Release|x86 = Release|x86
	EndGlobalSection
	GlobalSection(ProjectConfigurationPlatforms) = postSolution
		{3284648C-2C72-42F3-AABC-A5B06C4F95D2}.Debug|Any CPU.ActiveCfg = Debug|Any CPU
		{3284648C-2C72-42F3-AABC-A5B06C4F95D2}.Debug|Any CPU.Build.0 = Debug|Any CPU
		{3284648C-2C72-42F3-AABC-A5B06C4F95D2}.Debug|x64.ActiveCfg = Debug|x64
		{3284648C-2C72-42F3-AABC-A5B06C4F95D2}.Debug|x64.Build.0 = Debug|x64
		{3284648C-2C72-42F3-AABC-A5B06C4F95D2}.Debug|x86.ActiveCfg = Debug|x86
		{3284648C-2C72-42F3-AABC-A5B06C4F95D2}.Debug|x86.Build.0 = Debug|x86
		{3284648C-2C72-42F3-AABC-A5B06C4F95D2}.Release|Any CPU.ActiveCfg = Release|Any CPU
		{3284648C-2C72-42F3-AABC-A5B06C4F95D2}.Release|Any CPU.Build.0 = Release|Any CPU
		{3284648C-2C72-42F3-AABC-A5B06C4F95D2}.Release|x64.ActiveCfg = Release|x64
		{3284648C-2C72-42F3-AABC-A5B06C4F95D2}.Release|x64.Build.0 = Release|x64
		{3284648C-2C72-42F3-AABC-A5B06C4F95D2}.Release|x86.ActiveCfg = Release|x86
		{3284648C-2C72-42F3-AABC-A5B06C4F95D2}.Release|x86.Build.0 = Release|x86
	EndGlobalSection
	GlobalSection(SolutionProperties) = preSolution
		HideSolutionNode = FALSE
	EndGlobalSection
	GlobalSection(ExtensibilityGlobals) = postSolution
		SolutionGuid = {0E5D3510-42CC-4001-B5F2-9938149E6F4F}
	EndGlobalSection
EndGlobal
